<Solution>
  <Folder Name="/1 - Presentation/">
    <Project Path="src/MySimpleStockProduct.Api/MySimpleStockProduct.Api.csproj" Id="881daee1-f8c0-49b2-ad2e-7c00128aa47d" />
  </Folder>
  <Folder Name="/2 - Application/">
    <Project Path="src/MySimpleStockProduct.Application/MySimpleStockProduct.Application.csproj" Id="30dabde0-838c-4753-9c75-a21f0eb8f95d" />
  </Folder>
  <Folder Name="/3 - Domain/">
    <Project Path="src/MySimpleStockProduct.Domain/MySimpleStockProduct.Domain.csproj" Id="92c1bb96-cc8a-4069-9c53-3e5117e3f45e" />
  </Folder>
  <Folder Name="/4 - Infra/">
    <Project Path="src/MySimpleStockProduct.Infra/MySimpleStockProduct.Infra.csproj" Id="29e33ec5-1a2d-48cf-b869-36b9794a6b8a" />
  </Folder>
  <Folder Name="/5 - Shareable/">
    <Project Path="src/MySimpleStockProduct.IoC/MySimpleStockProduct.IoC.csproj" Id="58e08656-ef2f-42fc-a6fa-42d9dc1f3eda" />
  </Folder>
  <Folder Name="/SolitionItens/">
    <File Path="Directory.Packages.props" />
  </Folder>
  <Folder Name="/Tests/">
    <Project Path="test/MySimpleStockProduct.Api.Tests/MySimpleStockProduct.Api.Tests.csproj" Id="80a1779f-95d5-4034-9433-2ffcf44a97cd" />
    <Project Path="test/MySimpleStockProduct.Application.Tests/MySimpleStockProduct.Application.Tests.csproj" Id="56f2a542-603d-4219-8ef6-936c1f058823" />
    <Project Path="test/MySimpleStockProduct.Infra.Tests/MySimpleStockProduct.Infra.Tests.csproj" />
  </Folder>
</Solution>
